
Microsoft Visual Studio Solution File, Format Version 12.00
# Visual Studio Version 16
VisualStudioVersion = 16.0.29519.87
MinimumVisualStudioVersion = 10.0.40219.1
Project("{FAE04EC0-301F-11D3-BF4B-00C04F79EFBC}") = "SweepStakes", "SweepStakes\SweepStakes.csproj", "{3A393FA6-32BE-42D3-8FF7-BCA35B76F30A}"
EndProject
Global
	GlobalSection(SolutionConfigurationPlatforms) = preSolution
		Debug|Any CPU = Debug|Any CPU
		Release|Any CPU = Release|Any CPU
	EndGlobalSection
	GlobalSection(ProjectConfigurationPlatforms) = postSolution
		{3A393FA6-32BE-42D3-8FF7-BCA35B76F30A}.Debug|Any CPU.ActiveCfg = Debug|Any CPU
		{3A393FA6-32BE-42D3-8FF7-BCA35B76F30A}.Debug|Any CPU.Build.0 = Debug|Any CPU
		{3A393FA6-32BE-42D3-8FF7-BCA35B76F30A}.Release|Any CPU.ActiveCfg = Release|Any CPU
		{3A393FA6-32BE-42D3-8FF7-BCA35B76F30A}.Release|Any CPU.Build.0 = Release|Any CPU
	EndGlobalSection
	GlobalSection(SolutionProperties) = preSolution
		HideSolutionNode = FALSE
	EndGlobalSection
	GlobalSection(ExtensibilityGlobals) = postSolution
		SolutionGuid = {A38FAACD-DE97-44C7-9551-6CE63E88C2C1}
	EndGlobalSection
EndGlobal
